
Microsoft Visual Studio Solution File, Format Version 12.00
# Visual Studio 14
VisualStudioVersion = 14.0.25420.1
MinimumVisualStudioVersion = 10.0.40219.1
Project("{2150E333-8FDC-42A3-9474-1A3956D46DE8}") = "src", "src", "{740F1358-AC7D-4739-A6D4-B87B44EEA697}"
EndProject
Project("{2150E333-8FDC-42A3-9474-1A3956D46DE8}") = "Solution Items", "Solution Items", "{7F9061C1-67CD-49E3-9FB7-CCDA3ED3B263}"
	ProjectSection(SolutionItems) = preProject
		global.json = global.json
	EndProjectSection
EndProject
Project("{8BB2217D-0F2D-49D1-97BC-3654ED321F3B}") = "WebApplication1", "src\WebApplication1\WebApplication1.xproj", "{9506F5DE-6608-4DB6-A70C-DB0BF53FF7DE}"
EndProject
Global
	GlobalSection(SolutionConfigurationPlatforms) = preSolution
		Debug|Any CPU = Debug|Any CPU
		Release|Any CPU = Release|Any CPU
	EndGlobalSection
	GlobalSection(ProjectConfigurationPlatforms) = postSolution
		{9506F5DE-6608-4DB6-A70C-DB0BF53FF7DE}.Debug|Any CPU.ActiveCfg = Debug|Any CPU
		{9506F5DE-6608-4DB6-A70C-DB0BF53FF7DE}.Debug|Any CPU.Build.0 = Debug|Any CPU
		{9506F5DE-6608-4DB6-A70C-DB0BF53FF7DE}.Release|Any CPU.ActiveCfg = Release|Any CPU
		{9506F5DE-6608-4DB6-A70C-DB0BF53FF7DE}.Release|Any CPU.Build.0 = Release|Any CPU
	EndGlobalSection
	GlobalSection(SolutionProperties) = preSolution
		HideSolutionNode = FALSE
	EndGlobalSection
	GlobalSection(NestedProjects) = preSolution
		{9506F5DE-6608-4DB6-A70C-DB0BF53FF7DE} = {740F1358-AC7D-4739-A6D4-B87B44EEA697}
	EndGlobalSection
EndGlobal
